// !$*UTF8*$!
{
	archiveVersion = 1;
	classes = {
	};
	objectVersion = 46;
	objects = {

/* Begin PBXBuildFile section */
		821695661E35A81700BD01DE /* AppDelegate.swift in Sources */ = {isa = PBXBuildFile; fileRef = 821695651E35A81700BD01DE /* AppDelegate.swift */; };
		821695681E35A81700BD01DE /* ViewController.swift in Sources */ = {isa = PBXBuildFile; fileRef = 821695671E35A81700BD01DE /* ViewController.swift */; };
		8216956B1E35A81700BD01DE /* Main.storyboard in Resources */ = {isa = PBXBuildFile; fileRef = 821695691E35A81700BD01DE /* Main.storyboard */; };
		8216956D1E35A81700BD01DE /* Assets.xcassets in Resources */ = {isa = PBXBuildFile; fileRef = 8216956C1E35A81700BD01DE /* Assets.xcassets */; };
		821695701E35A81700BD01DE /* LaunchScreen.storyboard in Resources */ = {isa = PBXBuildFile; fileRef = 8216956E1E35A81700BD01DE /* LaunchScreen.storyboard */; };
		8216957B1E35A81700BD01DE /* HelloWorldSwiftTests.swift in Sources */ = {isa = PBXBuildFile; fileRef = 8216957A1E35A81700BD01DE /* HelloWorldSwiftTests.swift */; };
		821695861E35A81700BD01DE /* HelloWorldSwiftUITests.swift in Sources */ = {isa = PBXBuildFile; fileRef = 821695851E35A81700BD01DE /* HelloWorldSwiftUITests.swift */; };
/* End PBXBuildFile section */

/* Begin PBXContainerItemProxy section */
		821695771E35A81700BD01DE /* PBXContainerItemProxy */ = {
			isa = PBXContainerItemProxy;
			containerPortal = 8216955A1E35A81600BD01DE /* Project object */;
			proxyType = 1;
			remoteGlobalIDString = 821695611E35A81600BD01DE;
			remoteInfo = HelloWorldSwift;
		};
		821695821E35A81700BD01DE /* PBXContainerItemProxy */ = {
			isa = PBXContainerItemProxy;
			containerPortal = 8216955A1E35A81600BD01DE /* Project object */;
			proxyType = 1;
			remoteGlobalIDString = 821695611E35A81600BD01DE;
			remoteInfo = HelloWorldSwift;
		};
/* End PBXContainerItemProxy section */

/* Begin PBXFileReference section */
		821695621E35A81600BD01DE /* HelloWorldSwift.app */ = {isa = PBXFileReference; explicitFileType = wrapper.application; includeInIndex = 0; path = HelloWorldSwift.app; sourceTree = BUILT_PRODUCTS_DIR; };
		821695651E35A81700BD01DE /* AppDelegate.swift */ = {isa = PBXFileReference; lastKnownFileType = sourcecode.swift; path = AppDelegate.swift; sourceTree = "<group>"; };
		821695671E35A81700BD01DE /* ViewController.swift */ = {isa = PBXFileReference; lastKnownFileType = sourcecode.swift; path = ViewController.swift; sourceTree = "<group>"; };
		8216956A1E35A81700BD01DE /* Base */ = {isa = PBXFileReference; lastKnownFileType = file.storyboard; name = Base; path = Base.lproj/Main.storyboard; sourceTree = "<group>"; };
		8216956C1E35A81700BD01DE /* Assets.xcassets */ = {isa = PBXFileReference; lastKnownFileType = folder.assetcatalog; path = Assets.xcassets; sourceTree = "<group>"; };
		8216956F1E35A81700BD01DE /* Base */ = {isa = PBXFileReference; lastKnownFileType = file.storyboard; name = Base; path = Base.lproj/LaunchScreen.storyboard; sourceTree = "<group>"; };
		821695711E35A81700BD01DE /* Info.plist */ = {isa = PBXFileReference; lastKnownFileType = text.plist.xml; path = Info.plist; sourceTree = "<group>"; };
		821695761E35A81700BD01DE /* HelloWorldSwiftTests.xctest */ = {isa = PBXFileReference; explicitFileType = wrapper.cfbundle; includeInIndex = 0; path = HelloWorldSwiftTests.xctest; sourceTree = BUILT_PRODUCTS_DIR; };
		8216957A1E35A81700BD01DE /* HelloWorldSwiftTests.swift */ = {isa = PBXFileReference; lastKnownFileType = sourcecode.swift; path = HelloWorldSwiftTests.swift; sourceTree = "<group>"; };
		8216957C1E35A81700BD01DE /* Info.plist */ = {isa = PBXFileReference; lastKnownFileType = text.plist.xml; path = Info.plist; sourceTree = "<group>"; };
		821695811E35A81700BD01DE /* HelloWorldSwiftUITests.xctest */ = {isa = PBXFileReference; explicitFileType = wrapper.cfbundle; includeInIndex = 0; path = HelloWorldSwiftUITests.xctest; sourceTree = BUILT_PRODUCTS_DIR; };
		821695851E35A81700BD01DE /* HelloWorldSwiftUITests.swift */ = {isa = PBXFileReference; lastKnownFileType = sourcecode.swift; path = HelloWorldSwiftUITests.swift; sourceTree = "<group>"; };
		821695871E35A81700BD01DE /* Info.plist */ = {isa = PBXFileReference; lastKnownFileType = text.plist.xml; path = Info.plist; sourceTree = "<group>"; };
/* End PBXFileReference section */

/* Begin PBXFrameworksBuildPhase section */
		8216955F1E35A81600BD01DE /* Frameworks */ = {
			isa = PBXFrameworksBuildPhase;
			buildActionMask = 2147483647;
			files = (
			);
			runOnlyForDeploymentPostprocessing = 0;
		};
		821695731E35A81700BD01DE /* Frameworks */ = {
			isa = PBXFrameworksBuildPhase;
			buildActionMask = 2147483647;
			files = (
			);
			runOnlyForDeploymentPostprocessing = 0;
		};
		8216957E1E35A81700BD01DE /* Frameworks */ = {
			isa = PBXFrameworksBuildPhase;
			buildActionMask = 2147483647;
			files = (
			);
			runOnlyForDeploymentPostprocessing = 0;
		};
/* End PBXFrameworksBuildPhase section */

/* Begin PBXGroup section */
		821695591E35A81600BD01DE = {
			isa = PBXGroup;
			children = (
				821695641E35A81600BD01DE /* HelloWorldSwift */,
				821695791E35A81700BD01DE /* HelloWorldSwiftTests */,
				821695841E35A81700BD01DE /* HelloWorldSwiftUITests */,
				821695631E35A81600BD01DE /* Products */,
			);
			sourceTree = "<group>";
		};
		821695631E35A81600BD01DE /* Products */ = {
			isa = PBXGroup;
			children = (
				821695621E35A81600BD01DE /* HelloWorldSwift.app */,
				821695761E35A81700BD01DE /* HelloWorldSwiftTests.xctest */,
				821695811E35A81700BD01DE /* HelloWorldSwiftUITests.xctest */,
			);
			name = Products;
			sourceTree = "<group>";
		};
		821695641E35A81600BD01DE /* HelloWorldSwift */ = {
			isa = PBXGroup;
			children = (
				821695651E35A81700BD01DE /* AppDelegate.swift */,
				821695671E35A81700BD01DE /* ViewController.swift */,
				821695691E35A81700BD01DE /* Main.storyboard */,
				8216956C1E35A81700BD01DE /* Assets.xcassets */,
				8216956E1E35A81700BD01DE /* LaunchScreen.storyboard */,
				821695711E35A81700BD01DE /* Info.plist */,
			);
			path = HelloWorldSwift;
			sourceTree = "<group>";
		};
		821695791E35A81700BD01DE /* HelloWorldSwiftTests */ = {
			isa = PBXGroup;
			children = (
				8216957A1E35A81700BD01DE /* HelloWorldSwiftTests.swift */,
				8216957C1E35A81700BD01DE /* Info.plist */,
			);
			path = HelloWorldSwiftTests;
			sourceTree = "<group>";
		};
		821695841E35A81700BD01DE /* HelloWorldSwiftUITests */ = {
			isa = PBXGroup;
			children = (
				821695851E35A81700BD01DE /* HelloWorldSwiftUITests.swift */,
				821695871E35A81700BD01DE /* Info.plist */,
			);
			path = HelloWorldSwiftUITests;
			sourceTree = "<group>";
		};
/* End PBXGroup section */

/* Begin PBXNativeTarget section */
		821695611E35A81600BD01DE /* HelloWorldSwift */ = {
			isa = PBXNativeTarget;
			buildConfigurationList = 8216958A1E35A81700BD01DE /* Build configuration list for PBXNativeTarget "HelloWorldSwift" */;
			buildPhases = (
				8216955E1E35A81600BD01DE /* Sources */,
				8216955F1E35A81600BD01DE /* Frameworks */,
				821695601E35A81600BD01DE /* Resources */,
			);
			buildRules = (
			);
			dependencies = (
			);
			name = HelloWorldSwift;
			productName = HelloWorldSwift;
			productReference = 821695621E35A81600BD01DE /* HelloWorldSwift.app */;
			productType = "com.apple.product-type.application";
		};
		821695751E35A81700BD01DE /* HelloWorldSwiftTests */ = {
			isa = PBXNativeTarget;
			buildConfigurationList = 8216958D1E35A81700BD01DE /* Build configuration list for PBXNativeTarget "HelloWorldSwiftTests" */;
			buildPhases = (
				821695721E35A81700BD01DE /* Sources */,
				821695731E35A81700BD01DE /* Frameworks */,
				821695741E35A81700BD01DE /* Resources */,
			);
			buildRules = (
			);
			dependencies = (
				821695781E35A81700BD01DE /* PBXTargetDependency */,
			);
			name = HelloWorldSwiftTests;
			productName = HelloWorldSwiftTests;
			productReference = 821695761E35A81700BD01DE /* HelloWorldSwiftTests.xctest */;
			productType = "com.apple.product-type.bundle.unit-test";
		};
		821695801E35A81700BD01DE /* HelloWorldSwiftUITests */ = {
			isa = PBXNativeTarget;
			buildConfigurationList = 821695901E35A81700BD01DE /* Build configuration list for PBXNativeTarget "HelloWorldSwiftUITests" */;
			buildPhases = (
				8216957D1E35A81700BD01DE /* Sources */,
				8216957E1E35A81700BD01DE /* Frameworks */,
				8216957F1E35A81700BD01DE /* Resources */,
			);
			buildRules = (
			);
			dependencies = (
				821695831E35A81700BD01DE /* PBXTargetDependency */,
			);
			name = HelloWorldSwiftUITests;
			productName = HelloWorldSwiftUITests;
			productReference = 821695811E35A81700BD01DE /* HelloWorldSwiftUITests.xctest */;
			productType = "com.apple.product-type.bundle.ui-testing";
		};
/* End PBXNativeTarget section */

/* Begin PBXProject section */
		8216955A1E35A81600BD01DE /* Project object */ = {
			isa = PBXProject;
			attributes = {
				LastSwiftUpdateCheck = 0820;
				LastUpgradeCheck = 0820;
				ORGANIZATIONNAME = "Project X";
				TargetAttributes = {
					821695611E35A81600BD01DE = {
						CreatedOnToolsVersion = 8.2.1;
						ProvisioningStyle = Automatic;
					};
					821695751E35A81700BD01DE = {
						CreatedOnToolsVersion = 8.2.1;
						ProvisioningStyle = Automatic;
						TestTargetID = 821695611E35A81600BD01DE;
					};
					821695801E35A81700BD01DE = {
						CreatedOnToolsVersion = 8.2.1;
						ProvisioningStyle = Automatic;
						TestTargetID = 821695611E35A81600BD01DE;
					};
				};
			};
			buildConfigurationList = 8216955D1E35A81600BD01DE /* Build configuration list for PBXProject "HelloWorldSwift" */;
			compatibilityVersion = "Xcode 3.2";
			developmentRegion = English;
			hasScannedForEncodings = 0;
			knownRegions = (
				en,
				Base,
			);
			mainGroup = 821695591E35A81600BD01DE;
			productRefGroup = 821695631E35A81600BD01DE /* Products */;
			projectDirPath = "";
			projectRoot = "";
			targets = (
				821695611E35A81600BD01DE /* HelloWorldSwift */,
				821695751E35A81700BD01DE /* HelloWorldSwiftTests */,
				821695801E35A81700BD01DE /* HelloWorldSwiftUITests */,
			);
		};
/* End PBXProject section */

/* Begin PBXResourcesBuildPhase section */
		821695601E35A81600BD01DE /* Resources */ = {
			isa = PBXResourcesBuildPhase;
			buildActionMask = 2147483647;
			files = (
				821695701E35A81700BD01DE /* LaunchScreen.storyboard in Resources */,
				8216956D1E35A81700BD01DE /* Assets.xcassets in Resources */,
				8216956B1E35A81700BD01DE /* Main.storyboard in Resources */,
			);
			runOnlyForDeploymentPostprocessing = 0;
		};
		821695741E35A81700BD01DE /* Resources */ = {
			isa = PBXResourcesBuildPhase;
			buildActionMask = 2147483647;
			files = (
			);
			runOnlyForDeploymentPostprocessing = 0;
		};
		8216957F1E35A81700BD01DE /* Resources */ = {
			isa = PBXResourcesBuildPhase;
			buildActionMask = 2147483647;
			files = (
			);
			runOnlyForDeploymentPostprocessing = 0;
		};
/* End PBXResourcesBuildPhase section */

/* Begin PBXSourcesBuildPhase section */
		8216955E1E35A81600BD01DE /* Sources */ = {
			isa = PBXSourcesBuildPhase;
			buildActionMask = 2147483647;
			files = (
				821695681E35A81700BD01DE /* ViewController.swift in Sources */,
				821695661E35A81700BD01DE /* AppDelegate.swift in Sources */,
			);
			runOnlyForDeploymentPostprocessing = 0;
		};
		821695721E35A81700BD01DE /* Sources */ = {
			isa = PBXSourcesBuildPhase;
			buildActionMask = 2147483647;
			files = (
				8216957B1E35A81700BD01DE /* HelloWorldSwiftTests.swift in Sources */,
			);
			runOnlyForDeploymentPostprocessing = 0;
		};
		8216957D1E35A81700BD01DE /* Sources */ = {
			isa = PBXSourcesBuildPhase;
			buildActionMask = 2147483647;
			files = (
				821695861E35A81700BD01DE /* HelloWorldSwiftUITests.swift in Sources */,
			);
			runOnlyForDeploymentPostprocessing = 0;
		};
/* End PBXSourcesBuildPhase section */

/* Begin PBXTargetDependency section */
		821695781E35A81700BD01DE /* PBXTargetDependency */ = {
			isa = PBXTargetDependency;
			target = 821695611E35A81600BD01DE /* HelloWorldSwift */;
			targetProxy = 821695771E35A81700BD01DE /* PBXContainerItemProxy */;
		};
		821695831E35A81700BD01DE /* PBXTargetDependency */ = {
			isa = PBXTargetDependency;
			target = 821695611E35A81600BD01DE /* HelloWorldSwift */;
			targetProxy = 821695821E35A81700BD01DE /* PBXContainerItemProxy */;
		};
/* End PBXTargetDependency section */

/* Begin PBXVariantGroup section */
		821695691E35A81700BD01DE /* Main.storyboard */ = {
			isa = PBXVariantGroup;
			children = (
				8216956A1E35A81700BD01DE /* Base */,
			);
			name = Main.storyboard;
			sourceTree = "<group>";
		};
		8216956E1E35A81700BD01DE /* LaunchScreen.storyboard */ = {
			isa = PBXVariantGroup;
			children = (
				8216956F1E35A81700BD01DE /* Base */,
			);
			name = LaunchScreen.storyboard;
			sourceTree = "<group>";
		};
/* End PBXVariantGroup section */

/* Begin XCBuildConfiguration section */
		821695881E35A81700BD01DE /* Debug */ = {
			isa = XCBuildConfiguration;
			buildSettings = {
				ALWAYS_SEARCH_USER_PATHS = NO;
				CLANG_ANALYZER_NONNULL = YES;
				CLANG_CXX_LANGUAGE_STANDARD = "gnu++0x";
				CLANG_CXX_LIBRARY = "libc++";
				CLANG_ENABLE_MODULES = YES;
				CLANG_ENABLE_OBJC_ARC = YES;
				CLANG_WARN_BOOL_CONVERSION = YES;
				CLANG_WARN_CONSTANT_CONVERSION = YES;
				CLANG_WARN_DIRECT_OBJC_ISA_USAGE = YES_ERROR;
				CLANG_WARN_DOCUMENTATION_COMMENTS = YES;
				CLANG_WARN_EMPTY_BODY = YES;
				CLANG_WARN_ENUM_CONVERSION = YES;
				CLANG_WARN_INFINITE_RECURSION = YES;
				CLANG_WARN_INT_CONVERSION = YES;
				CLANG_WARN_OBJC_ROOT_CLASS = YES_ERROR;
				CLANG_WARN_SUSPICIOUS_MOVE = YES;
				CLANG_WARN_UNREACHABLE_CODE = YES;
				CLANG_WARN__DUPLICATE_METHOD_MATCH = YES;
				"CODE_SIGN_IDENTITY[sdk=iphoneos*]" = "iPhone Developer";
				COPY_PHASE_STRIP = NO;
				DEBUG_INFORMATION_FORMAT = dwarf;
				ENABLE_STRICT_OBJC_MSGSEND = YES;
				ENABLE_TESTABILITY = YES;
				GCC_C_LANGUAGE_STANDARD = gnu99;
				GCC_DYNAMIC_NO_PIC = NO;
				GCC_NO_COMMON_BLOCKS = YES;
				GCC_OPTIMIZATION_LEVEL = 0;
				GCC_PREPROCESSOR_DEFINITIONS = (
					"DEBUG=1",
					"$(inherited)",
				);
				GCC_WARN_64_TO_32_BIT_CONVERSION = YES;
				GCC_WARN_ABOUT_RETURN_TYPE = YES_ERROR;
				GCC_WARN_UNDECLARED_SELECTOR = YES;
				GCC_WARN_UNINITIALIZED_AUTOS = YES_AGGRESSIVE;
				GCC_WARN_UNUSED_FUNCTION = YES;
				GCC_WARN_UNUSED_VARIABLE = YES;
				IPHONEOS_DEPLOYMENT_TARGET = 10.2;
				MTL_ENABLE_DEBUG_INFO = YES;
				ONLY_ACTIVE_ARCH = YES;
				SDKROOT = iphoneos;
				SWIFT_ACTIVE_COMPILATION_CONDITIONS = DEBUG;
				SWIFT_OPTIMIZATION_LEVEL = "-Onone";
				TARGETED_DEVICE_FAMILY = "1,2";
			};
			name = Debug;
		};
		821695891E35A81700BD01DE /* Release */ = {
			isa = XCBuildConfiguration;
			buildSettings = {
				ALWAYS_SEARCH_USER_PATHS = NO;
				CLANG_ANALYZER_NONNULL = YES;
				CLANG_CXX_LANGUAGE_STANDARD = "gnu++0x";
				CLANG_CXX_LIBRARY = "libc++";
				CLANG_ENABLE_MODULES = YES;
				CLANG_ENABLE_OBJC_ARC = YES;
				CLANG_WARN_BOOL_CONVERSION = YES;
				CLANG_WARN_CONSTANT_CONVERSION = YES;
				CLANG_WARN_DIRECT_OBJC_ISA_USAGE = YES_ERROR;
				CLANG_WARN_DOCUMENTATION_COMMENTS = YES;
				CLANG_WARN_EMPTY_BODY = YES;
				CLANG_WARN_ENUM_CONVERSION = YES;
				CLANG_WARN_INFINITE_RECURSION = YES;
				CLANG_WARN_INT_CONVERSION = YES;
				CLANG_WARN_OBJC_ROOT_CLASS = YES_ERROR;
				CLANG_WARN_SUSPICIOUS_MOVE = YES;
				CLANG_WARN_UNREACHABLE_CODE = YES;
				CLANG_WARN__DUPLICATE_METHOD_MATCH = YES;
				"CODE_SIGN_IDENTITY[sdk=iphoneos*]" = "iPhone Developer";
				COPY_PHASE_STRIP = NO;
				DEBUG_INFORMATION_FORMAT = "dwarf-with-dsym";
				ENABLE_NS_ASSERTIONS = NO;
				ENABLE_STRICT_OBJC_MSGSEND = YES;
				GCC_C_LANGUAGE_STANDARD = gnu99;
				GCC_NO_COMMON_BLOCKS = YES;
				GCC_WARN_64_TO_32_BIT_CONVERSION = YES;
				GCC_WARN_ABOUT_RETURN_TYPE = YES_ERROR;
				GCC_WARN_UNDECLARED_SELECTOR = YES;
				GCC_WARN_UNINITIALIZED_AUTOS = YES_AGGRESSIVE;
				GCC_WARN_UNUSED_FUNCTION = YES;
				GCC_WARN_UNUSED_VARIABLE = YES;
				IPHONEOS_DEPLOYMENT_TARGET = 10.2;
				MTL_ENABLE_DEBUG_INFO = NO;
				SDKROOT = iphoneos;
				SWIFT_OPTIMIZATION_LEVEL = "-Owholemodule";
				TARGETED_DEVICE_FAMILY = "1,2";
				VALIDATE_PRODUCT = YES;
			};
			name = Release;
		};
		8216958B1E35A81700BD01DE /* Debug */ = {
			isa = XCBuildConfiguration;
			buildSettings = {
				ASSETCATALOG_COMPILER_APPICON_NAME = AppIcon;
				INFOPLIST_FILE = HelloWorldSwift/Info.plist;
				LD_RUNPATH_SEARCH_PATHS = "$(inherited) @executable_path/Frameworks";
				PRODUCT_BUNDLE_IDENTIFIER = com.projectx..HelloWorldSwift;
				PRODUCT_NAME = "$(TARGET_NAME)";
				SWIFT_VERSION = 3.0;
			};
			name = Debug;
		};
		8216958C1E35A81700BD01DE /* Release */ = {
			isa = XCBuildConfiguration;
			buildSettings = {
				ASSETCATALOG_COMPILER_APPICON_NAME = AppIcon;
				INFOPLIST_FILE = HelloWorldSwift/Info.plist;
				LD_RUNPATH_SEARCH_PATHS = "$(inherited) @executable_path/Frameworks";
				PRODUCT_BUNDLE_IDENTIFIER = com.projectx..HelloWorldSwift;
				PRODUCT_NAME = "$(TARGET_NAME)";
				SWIFT_VERSION = 3.0;
			};
			name = Release;
		};
		8216958E1E35A81700BD01DE /* Debug */ = {
			isa = XCBuildConfiguration;
			buildSettings = {
				ALWAYS_EMBED_SWIFT_STANDARD_LIBRARIES = YES;
				BUNDLE_LOADER = "$(TEST_HOST)";
				INFOPLIST_FILE = HelloWorldSwiftTests/Info.plist;
				LD_RUNPATH_SEARCH_PATHS = "$(inherited) @executable_path/Frameworks @loader_path/Frameworks";
				PRODUCT_BUNDLE_IDENTIFIER = com.projectx..HelloWorldSwiftTests;
				PRODUCT_NAME = "$(TARGET_NAME)";
				SWIFT_VERSION = 3.0;
				TEST_HOST = "$(BUILT_PRODUCTS_DIR)/HelloWorldSwift.app/HelloWorldSwift";
			};
			name = Debug;
		};
		8216958F1E35A81700BD01DE /* Release */ = {
			isa = XCBuildConfiguration;
			buildSettings = {
				ALWAYS_EMBED_SWIFT_STANDARD_LIBRARIES = YES;
				BUNDLE_LOADER = "$(TEST_HOST)";
				INFOPLIST_FILE = HelloWorldSwiftTests/Info.plist;
				LD_RUNPATH_SEARCH_PATHS = "$(inherited) @executable_path/Frameworks @loader_path/Frameworks";
				PRODUCT_BUNDLE_IDENTIFIER = com.projectx..HelloWorldSwiftTests;
				PRODUCT_NAME = "$(TARGET_NAME)";
				SWIFT_VERSION = 3.0;
				TEST_HOST = "$(BUILT_PRODUCTS_DIR)/HelloWorldSwift.app/HelloWorldSwift";
			};
			name = Release;
		};
		821695911E35A81700BD01DE /* Debug */ = {
			isa = XCBuildConfiguration;
			buildSettings = {
				ALWAYS_EMBED_SWIFT_STANDARD_LIBRARIES = YES;
				INFOPLIST_FILE = HelloWorldSwiftUITests/Info.plist;
				LD_RUNPATH_SEARCH_PATHS = "$(inherited) @executable_path/Frameworks @loader_path/Frameworks";
				PRODUCT_BUNDLE_IDENTIFIER = com.projectx..HelloWorldSwiftUITests;
				PRODUCT_NAME = "$(TARGET_NAME)";
				SWIFT_VERSION = 3.0;
				TEST_TARGET_NAME = HelloWorldSwift;
			};
			name = Debug;
		};
		821695921E35A81700BD01DE /* Release */ = {
			isa = XCBuildConfiguration;
			buildSettings = {
				ALWAYS_EMBED_SWIFT_STANDARD_LIBRARIES = YES;
				INFOPLIST_FILE = HelloWorldSwiftUITests/Info.plist;
				LD_RUNPATH_SEARCH_PATHS = "$(inherited) @executable_path/Frameworks @loader_path/Frameworks";
				PRODUCT_BUNDLE_IDENTIFIER = com.projectx..HelloWorldSwiftUITests;
				PRODUCT_NAME = "$(TARGET_NAME)";
				SWIFT_VERSION = 3.0;
				TEST_TARGET_NAME = HelloWorldSwift;
			};
			name = Release;
		};
/* End XCBuildConfiguration section */

/* Begin XCConfigurationList section */
		8216955D1E35A81600BD01DE /* Build configuration list for PBXProject "HelloWorldSwift" */ = {
			isa = XCConfigurationList;
			buildConfigurations = (
				821695881E35A81700BD01DE /* Debug */,
				821695891E35A81700BD01DE /* Release */,
			);
			defaultConfigurationIsVisible = 0;
			defaultConfigurationName = Release;
		};
		8216958A1E35A81700BD01DE /* Build configuration list for PBXNativeTarget "HelloWorldSwift" */ = {
			isa = XCConfigurationList;
			buildConfigurations = (
				8216958B1E35A81700BD01DE /* Debug */,
				8216958C1E35A81700BD01DE /* Release */,
			);
			defaultConfigurationIsVisible = 0;
		};
		8216958D1E35A81700BD01DE /* Build configuration list for PBXNativeTarget "HelloWorldSwiftTests" */ = {
			isa = XCConfigurationList;
			buildConfigurations = (
				8216958E1E35A81700BD01DE /* Debug */,
				8216958F1E35A81700BD01DE /* Release */,
			);
			defaultConfigurationIsVisible = 0;
		};
		821695901E35A81700BD01DE /* Build configuration list for PBXNativeTarget "HelloWorldSwiftUITests" */ = {
			isa = XCConfigurationList;
			buildConfigurations = (
				821695911E35A81700BD01DE /* Debug */,
				821695921E35A81700BD01DE /* Release */,
			);
			defaultConfigurationIsVisible = 0;
		};
/* End XCConfigurationList section */
	};
	rootObject = 8216955A1E35A81600BD01DE /* Project object */;
}
